
Microsoft Visual Studio Solution File, Format Version 12.00
# Visual Studio Version 16
VisualStudioVersion = 16.0.31729.503
MinimumVisualStudioVersion = 10.0.40219.1
Project("{8BC9CEB8-8B4A-11D0-8D11-00A0C91BC942}") = "HaffmanEncoding", "HaffmanEncoding\HaffmanEncoding.vcxproj", "{FBB53620-6FCD-41A4-BEAF-9625A879455B}"
EndProject
Project("{8BC9CEB8-8B4A-11D0-8D11-00A0C91BC942}") = "HaffmanDecoding", "HaffmanDecoding\HaffmanDecoding.vcxproj", "{AE32EA3F-2B0B-4737-8FCD-4350ADF76D3E}"
EndProject
Project("{8BC9CEB8-8B4A-11D0-8D11-00A0C91BC942}") = "Heap", "Heap\Heap.vcxproj", "{6CCE504E-3FF3-47C9-A1C1-7C8F9C9ACF64}"
EndProject
Project("{8BC9CEB8-8B4A-11D0-8D11-00A0C91BC942}") = "BinSearch", "BinSearch\BinSearch.vcxproj", "{8E8DB1B1-715D-44F9-8DC9-6EDBECA64001}"
EndProject
Project("{8BC9CEB8-8B4A-11D0-8D11-00A0C91BC942}") = "FindInverse", "FindInverse\FindInverse.vcxproj", "{0D5DAE6D-43F7-48E7-BC99-6009DDB785D3}"
EndProject
Project("{8BC9CEB8-8B4A-11D0-8D11-00A0C91BC942}") = "DotsAndSegments_1", "DotsAndSegments_1\DotsAndSegments_1.vcxproj", "{21D51986-D0F1-4EFE-AACE-5717C6ECFDC6}"
EndProject
Project("{8BC9CEB8-8B4A-11D0-8D11-00A0C91BC942}") = "DotsAndSegments_2", "DotsAndSegments_2\DotsAndSegments_2.vcxproj", "{8C1839B4-99F0-4F24-802D-083B3D35B1A3}"
EndProject
Project("{8BC9CEB8-8B4A-11D0-8D11-00A0C91BC942}") = "ContinuousKnapsack", "ContinuousKnapsack\ContinuousKnapsack.vcxproj", "{CF2CC07C-D999-49B5-9D29-F2FA1C08AA59}"
EndProject
Project("{8BC9CEB8-8B4A-11D0-8D11-00A0C91BC942}") = "VarTerms", "VarTerms\VarTerms.vcxproj", "{C73CAE6C-8ADD-4BCD-9F3C-C83CFBE1A396}"
EndProject
Project("{8BC9CEB8-8B4A-11D0-8D11-00A0C91BC942}") = "CountingSort", "CountingSort\CountingSort.vcxproj", "{30CFEDB7-2F24-4B7E-92FB-EFC25FE37BA7}"
EndProject
Project("{8BC9CEB8-8B4A-11D0-8D11-00A0C91BC942}") = "LongestSubsequence", "LongestSubsequence\LongestSubsequence.vcxproj", "{53915A05-560D-45A5-B2AE-9F00338C1607}"
EndProject
Project("{8BC9CEB8-8B4A-11D0-8D11-00A0C91BC942}") = "LongestSubsequence - 2", "LongestSubsequence - 2\LongestSubsequence - 2.vcxproj", "{8F659897-5455-42CF-9538-4B7C4CB829B1}"
EndProject
Project("{8BC9CEB8-8B4A-11D0-8D11-00A0C91BC942}") = "EditingDistance", "EditingDistance\EditingDistance.vcxproj", "{50B792E3-48C1-489F-85D8-D2A656167663}"
EndProject
Global
	GlobalSection(SolutionConfigurationPlatforms) = preSolution
		Debug|x64 = Debug|x64
		Debug|x86 = Debug|x86
		Release|x64 = Release|x64
		Release|x86 = Release|x86
	EndGlobalSection
	GlobalSection(ProjectConfigurationPlatforms) = postSolution
		{FBB53620-6FCD-41A4-BEAF-9625A879455B}.Debug|x64.ActiveCfg = Debug|x64
		{FBB53620-6FCD-41A4-BEAF-9625A879455B}.Debug|x64.Build.0 = Debug|x64
		{FBB53620-6FCD-41A4-BEAF-9625A879455B}.Debug|x86.ActiveCfg = Debug|Win32
		{FBB53620-6FCD-41A4-BEAF-9625A879455B}.Debug|x86.Build.0 = Debug|Win32
		{FBB53620-6FCD-41A4-BEAF-9625A879455B}.Release|x64.ActiveCfg = Release|x64
		{FBB53620-6FCD-41A4-BEAF-9625A879455B}.Release|x64.Build.0 = Release|x64
		{FBB53620-6FCD-41A4-BEAF-9625A879455B}.Release|x86.ActiveCfg = Release|Win32
		{FBB53620-6FCD-41A4-BEAF-9625A879455B}.Release|x86.Build.0 = Release|Win32
		{AE32EA3F-2B0B-4737-8FCD-4350ADF76D3E}.Debug|x64.ActiveCfg = Debug|x64
		{AE32EA3F-2B0B-4737-8FCD-4350ADF76D3E}.Debug|x64.Build.0 = Debug|x64
		{AE32EA3F-2B0B-4737-8FCD-4350ADF76D3E}.Debug|x86.ActiveCfg = Debug|Win32
		{AE32EA3F-2B0B-4737-8FCD-4350ADF76D3E}.Debug|x86.Build.0 = Debug|Win32
		{AE32EA3F-2B0B-4737-8FCD-4350ADF76D3E}.Release|x64.ActiveCfg = Release|x64
		{AE32EA3F-2B0B-4737-8FCD-4350ADF76D3E}.Release|x64.Build.0 = Release|x64
		{AE32EA3F-2B0B-4737-8FCD-4350ADF76D3E}.Release|x86.ActiveCfg = Release|Win32
		{AE32EA3F-2B0B-4737-8FCD-4350ADF76D3E}.Release|x86.Build.0 = Release|Win32
		{6CCE504E-3FF3-47C9-A1C1-7C8F9C9ACF64}.Debug|x64.ActiveCfg = Debug|x64
		{6CCE504E-3FF3-47C9-A1C1-7C8F9C9ACF64}.Debug|x64.Build.0 = Debug|x64
		{6CCE504E-3FF3-47C9-A1C1-7C8F9C9ACF64}.Debug|x86.ActiveCfg = Debug|Win32
		{6CCE504E-3FF3-47C9-A1C1-7C8F9C9ACF64}.Debug|x86.Build.0 = Debug|Win32
		{6CCE504E-3FF3-47C9-A1C1-7C8F9C9ACF64}.Release|x64.ActiveCfg = Release|x64
		{6CCE504E-3FF3-47C9-A1C1-7C8F9C9ACF64}.Release|x64.Build.0 = Release|x64
		{6CCE504E-3FF3-47C9-A1C1-7C8F9C9ACF64}.Release|x86.ActiveCfg = Release|Win32
		{6CCE504E-3FF3-47C9-A1C1-7C8F9C9ACF64}.Release|x86.Build.0 = Release|Win32
		{8E8DB1B1-715D-44F9-8DC9-6EDBECA64001}.Debug|x64.ActiveCfg = Debug|x64
		{8E8DB1B1-715D-44F9-8DC9-6EDBECA64001}.Debug|x64.Build.0 = Debug|x64
		{8E8DB1B1-715D-44F9-8DC9-6EDBECA64001}.Debug|x86.ActiveCfg = Debug|Win32
		{8E8DB1B1-715D-44F9-8DC9-6EDBECA64001}.Debug|x86.Build.0 = Debug|Win32
		{8E8DB1B1-715D-44F9-8DC9-6EDBECA64001}.Release|x64.ActiveCfg = Release|x64
		{8E8DB1B1-715D-44F9-8DC9-6EDBECA64001}.Release|x64.Build.0 = Release|x64
		{8E8DB1B1-715D-44F9-8DC9-6EDBECA64001}.Release|x86.ActiveCfg = Release|Win32
		{8E8DB1B1-715D-44F9-8DC9-6EDBECA64001}.Release|x86.Build.0 = Release|Win32
		{0D5DAE6D-43F7-48E7-BC99-6009DDB785D3}.Debug|x64.ActiveCfg = Debug|x64
		{0D5DAE6D-43F7-48E7-BC99-6009DDB785D3}.Debug|x64.Build.0 = Debug|x64
		{0D5DAE6D-43F7-48E7-BC99-6009DDB785D3}.Debug|x86.ActiveCfg = Debug|Win32
		{0D5DAE6D-43F7-48E7-BC99-6009DDB785D3}.Debug|x86.Build.0 = Debug|Win32
		{0D5DAE6D-43F7-48E7-BC99-6009DDB785D3}.Release|x64.ActiveCfg = Release|x64
		{0D5DAE6D-43F7-48E7-BC99-6009DDB785D3}.Release|x64.Build.0 = Release|x64
		{0D5DAE6D-43F7-48E7-BC99-6009DDB785D3}.Release|x86.ActiveCfg = Release|Win32
		{0D5DAE6D-43F7-48E7-BC99-6009DDB785D3}.Release|x86.Build.0 = Release|Win32
		{21D51986-D0F1-4EFE-AACE-5717C6ECFDC6}.Debug|x64.ActiveCfg = Debug|x64
		{21D51986-D0F1-4EFE-AACE-5717C6ECFDC6}.Debug|x64.Build.0 = Debug|x64
		{21D51986-D0F1-4EFE-AACE-5717C6ECFDC6}.Debug|x86.ActiveCfg = Debug|Win32
		{21D51986-D0F1-4EFE-AACE-5717C6ECFDC6}.Debug|x86.Build.0 = Debug|Win32
		{21D51986-D0F1-4EFE-AACE-5717C6ECFDC6}.Release|x64.ActiveCfg = Release|x64
		{21D51986-D0F1-4EFE-AACE-5717C6ECFDC6}.Release|x64.Build.0 = Release|x64
		{21D51986-D0F1-4EFE-AACE-5717C6ECFDC6}.Release|x86.ActiveCfg = Release|Win32
		{21D51986-D0F1-4EFE-AACE-5717C6ECFDC6}.Release|x86.Build.0 = Release|Win32
		{8C1839B4-99F0-4F24-802D-083B3D35B1A3}.Debug|x64.ActiveCfg = Debug|x64
		{8C1839B4-99F0-4F24-802D-083B3D35B1A3}.Debug|x64.Build.0 = Debug|x64
		{8C1839B4-99F0-4F24-802D-083B3D35B1A3}.Debug|x86.ActiveCfg = Debug|Win32
		{8C1839B4-99F0-4F24-802D-083B3D35B1A3}.Debug|x86.Build.0 = Debug|Win32
		{8C1839B4-99F0-4F24-802D-083B3D35B1A3}.Release|x64.ActiveCfg = Release|x64
		{8C1839B4-99F0-4F24-802D-083B3D35B1A3}.Release|x64.Build.0 = Release|x64
		{8C1839B4-99F0-4F24-802D-083B3D35B1A3}.Release|x86.ActiveCfg = Release|Win32
		{8C1839B4-99F0-4F24-802D-083B3D35B1A3}.Release|x86.Build.0 = Release|Win32
		{CF2CC07C-D999-49B5-9D29-F2FA1C08AA59}.Debug|x64.ActiveCfg = Debug|x64
		{CF2CC07C-D999-49B5-9D29-F2FA1C08AA59}.Debug|x64.Build.0 = Debug|x64
		{CF2CC07C-D999-49B5-9D29-F2FA1C08AA59}.Debug|x86.ActiveCfg = Debug|Win32
		{CF2CC07C-D999-49B5-9D29-F2FA1C08AA59}.Debug|x86.Build.0 = Debug|Win32
		{CF2CC07C-D999-49B5-9D29-F2FA1C08AA59}.Release|x64.ActiveCfg = Release|x64
		{CF2CC07C-D999-49B5-9D29-F2FA1C08AA59}.Release|x64.Build.0 = Release|x64
		{CF2CC07C-D999-49B5-9D29-F2FA1C08AA59}.Release|x86.ActiveCfg = Release|Win32
		{CF2CC07C-D999-49B5-9D29-F2FA1C08AA59}.Release|x86.Build.0 = Release|Win32
		{C73CAE6C-8ADD-4BCD-9F3C-C83CFBE1A396}.Debug|x64.ActiveCfg = Debug|x64
		{C73CAE6C-8ADD-4BCD-9F3C-C83CFBE1A396}.Debug|x64.Build.0 = Debug|x64
		{C73CAE6C-8ADD-4BCD-9F3C-C83CFBE1A396}.Debug|x86.ActiveCfg = Debug|Win32
		{C73CAE6C-8ADD-4BCD-9F3C-C83CFBE1A396}.Debug|x86.Build.0 = Debug|Win32
		{C73CAE6C-8ADD-4BCD-9F3C-C83CFBE1A396}.Release|x64.ActiveCfg = Release|x64
		{C73CAE6C-8ADD-4BCD-9F3C-C83CFBE1A396}.Release|x64.Build.0 = Release|x64
		{C73CAE6C-8ADD-4BCD-9F3C-C83CFBE1A396}.Release|x86.ActiveCfg = Release|Win32
		{C73CAE6C-8ADD-4BCD-9F3C-C83CFBE1A396}.Release|x86.Build.0 = Release|Win32
		{30CFEDB7-2F24-4B7E-92FB-EFC25FE37BA7}.Debug|x64.ActiveCfg = Debug|x64
		{30CFEDB7-2F24-4B7E-92FB-EFC25FE37BA7}.Debug|x64.Build.0 = Debug|x64
		{30CFEDB7-2F24-4B7E-92FB-EFC25FE37BA7}.Debug|x86.ActiveCfg = Debug|Win32
		{30CFEDB7-2F24-4B7E-92FB-EFC25FE37BA7}.Debug|x86.Build.0 = Debug|Win32
		{30CFEDB7-2F24-4B7E-92FB-EFC25FE37BA7}.Release|x64.ActiveCfg = Release|x64
		{30CFEDB7-2F24-4B7E-92FB-EFC25FE37BA7}.Release|x64.Build.0 = Release|x64
		{30CFEDB7-2F24-4B7E-92FB-EFC25FE37BA7}.Release|x86.ActiveCfg = Release|Win32
		{30CFEDB7-2F24-4B7E-92FB-EFC25FE37BA7}.Release|x86.Build.0 = Release|Win32
		{53915A05-560D-45A5-B2AE-9F00338C1607}.Debug|x64.ActiveCfg = Debug|x64
		{53915A05-560D-45A5-B2AE-9F00338C1607}.Debug|x64.Build.0 = Debug|x64
		{53915A05-560D-45A5-B2AE-9F00338C1607}.Debug|x86.ActiveCfg = Debug|Win32
		{53915A05-560D-45A5-B2AE-9F00338C1607}.Debug|x86.Build.0 = Debug|Win32
		{53915A05-560D-45A5-B2AE-9F00338C1607}.Release|x64.ActiveCfg = Release|x64
		{53915A05-560D-45A5-B2AE-9F00338C1607}.Release|x64.Build.0 = Release|x64
		{53915A05-560D-45A5-B2AE-9F00338C1607}.Release|x86.ActiveCfg = Release|Win32
		{53915A05-560D-45A5-B2AE-9F00338C1607}.Release|x86.Build.0 = Release|Win32
		{8F659897-5455-42CF-9538-4B7C4CB829B1}.Debug|x64.ActiveCfg = Debug|x64
		{8F659897-5455-42CF-9538-4B7C4CB829B1}.Debug|x64.Build.0 = Debug|x64
		{8F659897-5455-42CF-9538-4B7C4CB829B1}.Debug|x86.ActiveCfg = Debug|Win32
		{8F659897-5455-42CF-9538-4B7C4CB829B1}.Debug|x86.Build.0 = Debug|Win32
		{8F659897-5455-42CF-9538-4B7C4CB829B1}.Release|x64.ActiveCfg = Release|x64
		{8F659897-5455-42CF-9538-4B7C4CB829B1}.Release|x64.Build.0 = Release|x64
		{8F659897-5455-42CF-9538-4B7C4CB829B1}.Release|x86.ActiveCfg = Release|Win32
		{8F659897-5455-42CF-9538-4B7C4CB829B1}.Release|x86.Build.0 = Release|Win32
		{50B792E3-48C1-489F-85D8-D2A656167663}.Debug|x64.ActiveCfg = Debug|x64
		{50B792E3-48C1-489F-85D8-D2A656167663}.Debug|x64.Build.0 = Debug|x64
		{50B792E3-48C1-489F-85D8-D2A656167663}.Debug|x86.ActiveCfg = Debug|Win32
		{50B792E3-48C1-489F-85D8-D2A656167663}.Debug|x86.Build.0 = Debug|Win32
		{50B792E3-48C1-489F-85D8-D2A656167663}.Release|x64.ActiveCfg = Release|x64
		{50B792E3-48C1-489F-85D8-D2A656167663}.Release|x64.Build.0 = Release|x64
		{50B792E3-48C1-489F-85D8-D2A656167663}.Release|x86.ActiveCfg = Release|Win32
		{50B792E3-48C1-489F-85D8-D2A656167663}.Release|x86.Build.0 = Release|Win32
	EndGlobalSection
	GlobalSection(SolutionProperties) = preSolution
		HideSolutionNode = FALSE
	EndGlobalSection
	GlobalSection(ExtensibilityGlobals) = postSolution
		SolutionGuid = {E7676CEE-ED56-413F-B94C-258C16394C57}
	EndGlobalSection
EndGlobal
