
Microsoft Visual Studio Solution File, Format Version 12.00
# Visual Studio Version 16
VisualStudioVersion = 16.0.31729.503
MinimumVisualStudioVersion = 10.0.40219.1
Project("{8BC9CEB8-8B4A-11D0-8D11-00A0C91BC942}") = "Greedy algorithm", "Greedy algorithm\Greedy algorithm.vcxproj", "{FAA6113F-6AF1-4350-90B5-A4320698DD86}"
EndProject
Project("{8BC9CEB8-8B4A-11D0-8D11-00A0C91BC942}") = "HaffmanEncoding", "HaffmanEncoding\HaffmanEncoding.vcxproj", "{FBB53620-6FCD-41A4-BEAF-9625A879455B}"
EndProject
Global
	GlobalSection(SolutionConfigurationPlatforms) = preSolution
		Debug|x64 = Debug|x64
		Debug|x86 = Debug|x86
		Release|x64 = Release|x64
		Release|x86 = Release|x86
	EndGlobalSection
	GlobalSection(ProjectConfigurationPlatforms) = postSolution
		{FAA6113F-6AF1-4350-90B5-A4320698DD86}.Debug|x64.ActiveCfg = Debug|x64
		{FAA6113F-6AF1-4350-90B5-A4320698DD86}.Debug|x64.Build.0 = Debug|x64
		{FAA6113F-6AF1-4350-90B5-A4320698DD86}.Debug|x86.ActiveCfg = Debug|Win32
		{FAA6113F-6AF1-4350-90B5-A4320698DD86}.Debug|x86.Build.0 = Debug|Win32
		{FAA6113F-6AF1-4350-90B5-A4320698DD86}.Release|x64.ActiveCfg = Release|x64
		{FAA6113F-6AF1-4350-90B5-A4320698DD86}.Release|x64.Build.0 = Release|x64
		{FAA6113F-6AF1-4350-90B5-A4320698DD86}.Release|x86.ActiveCfg = Release|Win32
		{FAA6113F-6AF1-4350-90B5-A4320698DD86}.Release|x86.Build.0 = Release|Win32
		{FBB53620-6FCD-41A4-BEAF-9625A879455B}.Debug|x64.ActiveCfg = Debug|x64
		{FBB53620-6FCD-41A4-BEAF-9625A879455B}.Debug|x64.Build.0 = Debug|x64
		{FBB53620-6FCD-41A4-BEAF-9625A879455B}.Debug|x86.ActiveCfg = Debug|Win32
		{FBB53620-6FCD-41A4-BEAF-9625A879455B}.Debug|x86.Build.0 = Debug|Win32
		{FBB53620-6FCD-41A4-BEAF-9625A879455B}.Release|x64.ActiveCfg = Release|x64
		{FBB53620-6FCD-41A4-BEAF-9625A879455B}.Release|x64.Build.0 = Release|x64
		{FBB53620-6FCD-41A4-BEAF-9625A879455B}.Release|x86.ActiveCfg = Release|Win32
		{FBB53620-6FCD-41A4-BEAF-9625A879455B}.Release|x86.Build.0 = Release|Win32
	EndGlobalSection
	GlobalSection(SolutionProperties) = preSolution
		HideSolutionNode = FALSE
	EndGlobalSection
	GlobalSection(ExtensibilityGlobals) = postSolution
		SolutionGuid = {E7676CEE-ED56-413F-B94C-258C16394C57}
	EndGlobalSection
EndGlobal
